
Microsoft Visual Studio Solution File, Format Version 12.00
# Visual Studio Version 16
VisualStudioVersion = 16.0.29806.167
MinimumVisualStudioVersion = 10.0.40219.1
Project("{FAE04EC0-301F-11D3-BF4B-00C04F79EFBC}") = "Tchivs.Ioc", "Tchivs.Ioc\Tchivs.Ioc.csproj", "{01AF694C-23B0-4A99-8DA5-83C82C96A183}"
EndProject
Project("{FAE04EC0-301F-11D3-BF4B-00C04F79EFBC}") = "Ioc.Cli", "Ioc.Cli\Ioc.Cli.csproj", "{59D57AB0-FBA3-481F-841A-A3EEE9716EDC}"
EndProject
Global
	GlobalSection(SolutionConfigurationPlatforms) = preSolution
		Debug|Any CPU = Debug|Any CPU
		Release|Any CPU = Release|Any CPU
	EndGlobalSection
	GlobalSection(ProjectConfigurationPlatforms) = postSolution
		{01AF694C-23B0-4A99-8DA5-83C82C96A183}.Debug|Any CPU.ActiveCfg = Debug|Any CPU
		{01AF694C-23B0-4A99-8DA5-83C82C96A183}.Debug|Any CPU.Build.0 = Debug|Any CPU
		{01AF694C-23B0-4A99-8DA5-83C82C96A183}.Release|Any CPU.ActiveCfg = Release|Any CPU
		{01AF694C-23B0-4A99-8DA5-83C82C96A183}.Release|Any CPU.Build.0 = Release|Any CPU
		{59D57AB0-FBA3-481F-841A-A3EEE9716EDC}.Debug|Any CPU.ActiveCfg = Debug|Any CPU
		{59D57AB0-FBA3-481F-841A-A3EEE9716EDC}.Debug|Any CPU.Build.0 = Debug|Any CPU
		{59D57AB0-FBA3-481F-841A-A3EEE9716EDC}.Release|Any CPU.ActiveCfg = Release|Any CPU
		{59D57AB0-FBA3-481F-841A-A3EEE9716EDC}.Release|Any CPU.Build.0 = Release|Any CPU
	EndGlobalSection
	GlobalSection(SolutionProperties) = preSolution
		HideSolutionNode = FALSE
	EndGlobalSection
	GlobalSection(ExtensibilityGlobals) = postSolution
		SolutionGuid = {CDC6EF22-6926-44B5-8419-CED7A37C79D7}
	EndGlobalSection
EndGlobal
